
Microsoft Visual Studio Solution File, Format Version 12.00
# Visual Studio Version 17
VisualStudioVersion = 17.5.33516.290
MinimumVisualStudioVersion = 10.0.40219.1
Project("{FAE04EC0-301F-11D3-BF4B-00C04F79EFBC}") = "QuestTracker", "QuestTracker\QuestTracker.csproj", "{B8EA5F62-23FF-47C1-B289-8D3B5C31AFED}"
EndProject
Global
	GlobalSection(SolutionConfigurationPlatforms) = preSolution
		Debug|Any CPU = Debug|Any CPU
		Release|Any CPU = Release|Any CPU
	EndGlobalSection
	GlobalSection(ProjectConfigurationPlatforms) = postSolution
		{B8EA5F62-23FF-47C1-B289-8D3B5C31AFED}.Debug|Any CPU.ActiveCfg = Debug|Any CPU
		{B8EA5F62-23FF-47C1-B289-8D3B5C31AFED}.Debug|Any CPU.Build.0 = Debug|Any CPU
		{B8EA5F62-23FF-47C1-B289-8D3B5C31AFED}.Release|Any CPU.ActiveCfg = Release|Any CPU
		{B8EA5F62-23FF-47C1-B289-8D3B5C31AFED}.Release|Any CPU.Build.0 = Release|Any CPU
	EndGlobalSection
	GlobalSection(SolutionProperties) = preSolution
		HideSolutionNode = FALSE
	EndGlobalSection
	GlobalSection(ExtensibilityGlobals) = postSolution
		SolutionGuid = {EDEA4112-6D06-4D08-8276-6BC9BF271FDB}
	EndGlobalSection
EndGlobal
